// !$*UTF8*$!
{
	archiveVersion = 1;
	classes = {
	};
	objectVersion = 50;
	objects = {

/* Begin PBXBuildFile section */
		17FFE99D26D21AE700DAEC76 /* AppDelegate.swift in Sources */ = {isa = PBXBuildFile; fileRef = 17FFE99C26D21AE700DAEC76 /* AppDelegate.swift */; };
		17FFE99F26D21AE700DAEC76 /* SceneDelegate.swift in Sources */ = {isa = PBXBuildFile; fileRef = 17FFE99E26D21AE700DAEC76 /* SceneDelegate.swift */; };
		17FFE9A126D21AE700DAEC76 /* ViewController.swift in Sources */ = {isa = PBXBuildFile; fileRef = 17FFE9A026D21AE700DAEC76 /* ViewController.swift */; };
		17FFE9A426D21AE700DAEC76 /* Main.storyboard in Resources */ = {isa = PBXBuildFile; fileRef = 17FFE9A226D21AE700DAEC76 /* Main.storyboard */; };
		17FFE9A626D21AEF00DAEC76 /* Assets.xcassets in Resources */ = {isa = PBXBuildFile; fileRef = 17FFE9A526D21AEF00DAEC76 /* Assets.xcassets */; };
		17FFE9A926D21AEF00DAEC76 /* LaunchScreen.storyboard in Resources */ = {isa = PBXBuildFile; fileRef = 17FFE9A726D21AEF00DAEC76 /* LaunchScreen.storyboard */; };
/* End PBXBuildFile section */

/* Begin PBXFileReference section */
		17FFE99926D21AE700DAEC76 /* Project-8.app */ = {isa = PBXFileReference; explicitFileType = wrapper.application; includeInIndex = 0; path = "Project-8.app"; sourceTree = BUILT_PRODUCTS_DIR; };
		17FFE99C26D21AE700DAEC76 /* AppDelegate.swift */ = {isa = PBXFileReference; lastKnownFileType = sourcecode.swift; path = AppDelegate.swift; sourceTree = "<group>"; };
		17FFE99E26D21AE700DAEC76 /* SceneDelegate.swift */ = {isa = PBXFileReference; lastKnownFileType = sourcecode.swift; path = SceneDelegate.swift; sourceTree = "<group>"; };
		17FFE9A026D21AE700DAEC76 /* ViewController.swift */ = {isa = PBXFileReference; lastKnownFileType = sourcecode.swift; path = ViewController.swift; sourceTree = "<group>"; };
		17FFE9A326D21AE700DAEC76 /* Base */ = {isa = PBXFileReference; lastKnownFileType = file.storyboard; name = Base; path = Base.lproj/Main.storyboard; sourceTree = "<group>"; };
		17FFE9A526D21AEF00DAEC76 /* Assets.xcassets */ = {isa = PBXFileReference; lastKnownFileType = folder.assetcatalog; path = Assets.xcassets; sourceTree = "<group>"; };
		17FFE9A826D21AEF00DAEC76 /* Base */ = {isa = PBXFileReference; lastKnownFileType = file.storyboard; name = Base; path = Base.lproj/LaunchScreen.storyboard; sourceTree = "<group>"; };
		17FFE9AA26D21AEF00DAEC76 /* Info.plist */ = {isa = PBXFileReference; lastKnownFileType = text.plist.xml; path = Info.plist; sourceTree = "<group>"; };
/* End PBXFileReference section */

/* Begin PBXFrameworksBuildPhase section */
		17FFE99626D21AE600DAEC76 /* Frameworks */ = {
			isa = PBXFrameworksBuildPhase;
			buildActionMask = 2147483647;
			files = (
			);
			runOnlyForDeploymentPostprocessing = 0;
		};
/* End PBXFrameworksBuildPhase section */

/* Begin PBXGroup section */
		17FFE99026D21AE600DAEC76 = {
			isa = PBXGroup;
			children = (
				17FFE99B26D21AE700DAEC76 /* Project-8 */,
				17FFE99A26D21AE700DAEC76 /* Products */,
			);
			sourceTree = "<group>";
		};
		17FFE99A26D21AE700DAEC76 /* Products */ = {
			isa = PBXGroup;
			children = (
				17FFE99926D21AE700DAEC76 /* Project-8.app */,
			);
			name = Products;
			sourceTree = "<group>";
		};
		17FFE99B26D21AE700DAEC76 /* Project-8 */ = {
			isa = PBXGroup;
			children = (
				17FFE99C26D21AE700DAEC76 /* AppDelegate.swift */,
				17FFE99E26D21AE700DAEC76 /* SceneDelegate.swift */,
				17FFE9A026D21AE700DAEC76 /* ViewController.swift */,
				17FFE9A226D21AE700DAEC76 /* Main.storyboard */,
				17FFE9A526D21AEF00DAEC76 /* Assets.xcassets */,
				17FFE9A726D21AEF00DAEC76 /* LaunchScreen.storyboard */,
				17FFE9AA26D21AEF00DAEC76 /* Info.plist */,
			);
			path = "Project-8";
			sourceTree = "<group>";
		};
/* End PBXGroup section */

/* Begin PBXNativeTarget section */
		17FFE99826D21AE600DAEC76 /* Project-8 */ = {
			isa = PBXNativeTarget;
			buildConfigurationList = 17FFE9AD26D21AEF00DAEC76 /* Build configuration list for PBXNativeTarget "Project-8" */;
			buildPhases = (
				17FFE99526D21AE600DAEC76 /* Sources */,
				17FFE99626D21AE600DAEC76 /* Frameworks */,
				17FFE99726D21AE600DAEC76 /* Resources */,
			);
			buildRules = (
			);
			dependencies = (
			);
			name = "Project-8";
			productName = "Project-8";
			productReference = 17FFE99926D21AE700DAEC76 /* Project-8.app */;
			productType = "com.apple.product-type.application";
		};
/* End PBXNativeTarget section */

/* Begin PBXProject section */
		17FFE99126D21AE600DAEC76 /* Project object */ = {
			isa = PBXProject;
			attributes = {
				LastSwiftUpdateCheck = 1250;
				LastUpgradeCheck = 1250;
				TargetAttributes = {
					17FFE99826D21AE600DAEC76 = {
						CreatedOnToolsVersion = 12.5.1;
					};
				};
			};
			buildConfigurationList = 17FFE99426D21AE600DAEC76 /* Build configuration list for PBXProject "Project-8" */;
			compatibilityVersion = "Xcode 9.3";
			developmentRegion = en;
			hasScannedForEncodings = 0;
			knownRegions = (
				en,
				Base,
			);
			mainGroup = 17FFE99026D21AE600DAEC76;
			productRefGroup = 17FFE99A26D21AE700DAEC76 /* Products */;
			projectDirPath = "";
			projectRoot = "";
			targets = (
				17FFE99826D21AE600DAEC76 /* Project-8 */,
			);
		};
/* End PBXProject section */

/* Begin PBXResourcesBuildPhase section */
		17FFE99726D21AE600DAEC76 /* Resources */ = {
			isa = PBXResourcesBuildPhase;
			buildActionMask = 2147483647;
			files = (
				17FFE9A926D21AEF00DAEC76 /* LaunchScreen.storyboard in Resources */,
				17FFE9A626D21AEF00DAEC76 /* Assets.xcassets in Resources */,
				17FFE9A426D21AE700DAEC76 /* Main.storyboard in Resources */,
			);
			runOnlyForDeploymentPostprocessing = 0;
		};
/* End PBXResourcesBuildPhase section */

/* Begin PBXSourcesBuildPhase section */
		17FFE99526D21AE600DAEC76 /* Sources */ = {
			isa = PBXSourcesBuildPhase;
			buildActionMask = 2147483647;
			files = (
				17FFE9A126D21AE700DAEC76 /* ViewController.swift in Sources */,
				17FFE99D26D21AE700DAEC76 /* AppDelegate.swift in Sources */,
				17FFE99F26D21AE700DAEC76 /* SceneDelegate.swift in Sources */,
			);
			runOnlyForDeploymentPostprocessing = 0;
		};
/* End PBXSourcesBuildPhase section */

/* Begin PBXVariantGroup section */
		17FFE9A226D21AE700DAEC76 /* Main.storyboard */ = {
			isa = PBXVariantGroup;
			children = (
				17FFE9A326D21AE700DAEC76 /* Base */,
			);
			name = Main.storyboard;
			sourceTree = "<group>";
		};
		17FFE9A726D21AEF00DAEC76 /* LaunchScreen.storyboard */ = {
			isa = PBXVariantGroup;
			children = (
				17FFE9A826D21AEF00DAEC76 /* Base */,
			);
			name = LaunchScreen.storyboard;
			sourceTree = "<group>";
		};
/* End PBXVariantGroup section */

/* Begin XCBuildConfiguration section */
		17FFE9AB26D21AEF00DAEC76 /* Debug */ = {
			isa = XCBuildConfiguration;
			buildSettings = {
				ALWAYS_SEARCH_USER_PATHS = NO;
				CLANG_ANALYZER_NONNULL = YES;
				CLANG_ANALYZER_NUMBER_OBJECT_CONVERSION = YES_AGGRESSIVE;
				CLANG_CXX_LANGUAGE_STANDARD = "gnu++14";
				CLANG_CXX_LIBRARY = "libc++";
				CLANG_ENABLE_MODULES = YES;
				CLANG_ENABLE_OBJC_ARC = YES;
				CLANG_ENABLE_OBJC_WEAK = YES;
				CLANG_WARN_BLOCK_CAPTURE_AUTORELEASING = YES;
				CLANG_WARN_BOOL_CONVERSION = YES;
				CLANG_WARN_COMMA = YES;
				CLANG_WARN_CONSTANT_CONVERSION = YES;
				CLANG_WARN_DEPRECATED_OBJC_IMPLEMENTATIONS = YES;
				CLANG_WARN_DIRECT_OBJC_ISA_USAGE = YES_ERROR;
				CLANG_WARN_DOCUMENTATION_COMMENTS = YES;
				CLANG_WARN_EMPTY_BODY = YES;
				CLANG_WARN_ENUM_CONVERSION = YES;
				CLANG_WARN_INFINITE_RECURSION = YES;
				CLANG_WARN_INT_CONVERSION = YES;
				CLANG_WARN_NON_LITERAL_NULL_CONVERSION = YES;
				CLANG_WARN_OBJC_IMPLICIT_RETAIN_SELF = YES;
				CLANG_WARN_OBJC_LITERAL_CONVERSION = YES;
				CLANG_WARN_OBJC_ROOT_CLASS = YES_ERROR;
				CLANG_WARN_QUOTED_INCLUDE_IN_FRAMEWORK_HEADER = YES;
				CLANG_WARN_RANGE_LOOP_ANALYSIS = YES;
				CLANG_WARN_STRICT_PROTOTYPES = YES;
				CLANG_WARN_SUSPICIOUS_MOVE = YES;
				CLANG_WARN_UNGUARDED_AVAILABILITY = YES_AGGRESSIVE;
				CLANG_WARN_UNREACHABLE_CODE = YES;
				CLANG_WARN__DUPLICATE_METHOD_MATCH = YES;
				COPY_PHASE_STRIP = NO;
				DEBUG_INFORMATION_FORMAT = dwarf;
				ENABLE_STRICT_OBJC_MSGSEND = YES;
				ENABLE_TESTABILITY = YES;
				GCC_C_LANGUAGE_STANDARD = gnu11;
				GCC_DYNAMIC_NO_PIC = NO;
				GCC_NO_COMMON_BLOCKS = YES;
				GCC_OPTIMIZATION_LEVEL = 0;
				GCC_PREPROCESSOR_DEFINITIONS = (
					"DEBUG=1",
					"$(inherited)",
				);
				GCC_WARN_64_TO_32_BIT_CONVERSION = YES;
				GCC_WARN_ABOUT_RETURN_TYPE = YES_ERROR;
				GCC_WARN_UNDECLARED_SELECTOR = YES;
				GCC_WARN_UNINITIALIZED_AUTOS = YES_AGGRESSIVE;
				GCC_WARN_UNUSED_FUNCTION = YES;
				GCC_WARN_UNUSED_VARIABLE = YES;
				IPHONEOS_DEPLOYMENT_TARGET = 14.5;
				MTL_ENABLE_DEBUG_INFO = INCLUDE_SOURCE;
				MTL_FAST_MATH = YES;
				ONLY_ACTIVE_ARCH = YES;
				SDKROOT = iphoneos;
				SWIFT_ACTIVE_COMPILATION_CONDITIONS = DEBUG;
				SWIFT_OPTIMIZATION_LEVEL = "-Onone";
			};
			name = Debug;
		};
		17FFE9AC26D21AEF00DAEC76 /* Release */ = {
			isa = XCBuildConfiguration;
			buildSettings = {
				ALWAYS_SEARCH_USER_PATHS = NO;
				CLANG_ANALYZER_NONNULL = YES;
				CLANG_ANALYZER_NUMBER_OBJECT_CONVERSION = YES_AGGRESSIVE;
				CLANG_CXX_LANGUAGE_STANDARD = "gnu++14";
				CLANG_CXX_LIBRARY = "libc++";
				CLANG_ENABLE_MODULES = YES;
				CLANG_ENABLE_OBJC_ARC = YES;
				CLANG_ENABLE_OBJC_WEAK = YES;
				CLANG_WARN_BLOCK_CAPTURE_AUTORELEASING = YES;
				CLANG_WARN_BOOL_CONVERSION = YES;
				CLANG_WARN_COMMA = YES;
				CLANG_WARN_CONSTANT_CONVERSION = YES;
				CLANG_WARN_DEPRECATED_OBJC_IMPLEMENTATIONS = YES;
				CLANG_WARN_DIRECT_OBJC_ISA_USAGE = YES_ERROR;
				CLANG_WARN_DOCUMENTATION_COMMENTS = YES;
				CLANG_WARN_EMPTY_BODY = YES;
				CLANG_WARN_ENUM_CONVERSION = YES;
				CLANG_WARN_INFINITE_RECURSION = YES;
				CLANG_WARN_INT_CONVERSION = YES;
				CLANG_WARN_NON_LITERAL_NULL_CONVERSION = YES;
				CLANG_WARN_OBJC_IMPLICIT_RETAIN_SELF = YES;
				CLANG_WARN_OBJC_LITERAL_CONVERSION = YES;
				CLANG_WARN_OBJC_ROOT_CLASS = YES_ERROR;
				CLANG_WARN_QUOTED_INCLUDE_IN_FRAMEWORK_HEADER = YES;
				CLANG_WARN_RANGE_LOOP_ANALYSIS = YES;
				CLANG_WARN_STRICT_PROTOTYPES = YES;
				CLANG_WARN_SUSPICIOUS_MOVE = YES;
				CLANG_WARN_UNGUARDED_AVAILABILITY = YES_AGGRESSIVE;
				CLANG_WARN_UNREACHABLE_CODE = YES;
				CLANG_WARN__DUPLICATE_METHOD_MATCH = YES;
				COPY_PHASE_STRIP = NO;
				DEBUG_INFORMATION_FORMAT = "dwarf-with-dsym";
				ENABLE_NS_ASSERTIONS = NO;
				ENABLE_STRICT_OBJC_MSGSEND = YES;
				GCC_C_LANGUAGE_STANDARD = gnu11;
				GCC_NO_COMMON_BLOCKS = YES;
				GCC_WARN_64_TO_32_BIT_CONVERSION = YES;
				GCC_WARN_ABOUT_RETURN_TYPE = YES_ERROR;
				GCC_WARN_UNDECLARED_SELECTOR = YES;
				GCC_WARN_UNINITIALIZED_AUTOS = YES_AGGRESSIVE;
				GCC_WARN_UNUSED_FUNCTION = YES;
				GCC_WARN_UNUSED_VARIABLE = YES;
				IPHONEOS_DEPLOYMENT_TARGET = 14.5;
				MTL_ENABLE_DEBUG_INFO = NO;
				MTL_FAST_MATH = YES;
				SDKROOT = iphoneos;
				SWIFT_COMPILATION_MODE = wholemodule;
				SWIFT_OPTIMIZATION_LEVEL = "-O";
				VALIDATE_PRODUCT = YES;
			};
			name = Release;
		};
		17FFE9AE26D21AEF00DAEC76 /* Debug */ = {
			isa = XCBuildConfiguration;
			buildSettings = {
				ASSETCATALOG_COMPILER_APPICON_NAME = AppIcon;
				ASSETCATALOG_COMPILER_GLOBAL_ACCENT_COLOR_NAME = AccentColor;
				CODE_SIGN_STYLE = Automatic;
				DEVELOPMENT_TEAM = ZBVTD3H3K4;
				INFOPLIST_FILE = "Project-8/Info.plist";
				LD_RUNPATH_SEARCH_PATHS = (
					"$(inherited)",
					"@executable_path/Frameworks",
				);
				PRODUCT_BUNDLE_IDENTIFIER = "co.chloefermanis.Project-8";
				PRODUCT_NAME = "$(TARGET_NAME)";
				SWIFT_VERSION = 5.0;
				TARGETED_DEVICE_FAMILY = "1,2";
			};
			name = Debug;
		};
		17FFE9AF26D21AEF00DAEC76 /* Release */ = {
			isa = XCBuildConfiguration;
			buildSettings = {
				ASSETCATALOG_COMPILER_APPICON_NAME = AppIcon;
				ASSETCATALOG_COMPILER_GLOBAL_ACCENT_COLOR_NAME = AccentColor;
				CODE_SIGN_STYLE = Automatic;
				DEVELOPMENT_TEAM = ZBVTD3H3K4;
				INFOPLIST_FILE = "Project-8/Info.plist";
				LD_RUNPATH_SEARCH_PATHS = (
					"$(inherited)",
					"@executable_path/Frameworks",
				);
				PRODUCT_BUNDLE_IDENTIFIER = "co.chloefermanis.Project-8";
				PRODUCT_NAME = "$(TARGET_NAME)";
				SWIFT_VERSION = 5.0;
				TARGETED_DEVICE_FAMILY = "1,2";
			};
			name = Release;
		};
/* End XCBuildConfiguration section */

/* Begin XCConfigurationList section */
		17FFE99426D21AE600DAEC76 /* Build configuration list for PBXProject "Project-8" */ = {
			isa = XCConfigurationList;
			buildConfigurations = (
				17FFE9AB26D21AEF00DAEC76 /* Debug */,
				17FFE9AC26D21AEF00DAEC76 /* Release */,
			);
			defaultConfigurationIsVisible = 0;
			defaultConfigurationName = Release;
		};
		17FFE9AD26D21AEF00DAEC76 /* Build configuration list for PBXNativeTarget "Project-8" */ = {
			isa = XCConfigurationList;
			buildConfigurations = (
				17FFE9AE26D21AEF00DAEC76 /* Debug */,
				17FFE9AF26D21AEF00DAEC76 /* Release */,
			);
			defaultConfigurationIsVisible = 0;
			defaultConfigurationName = Release;
		};
/* End XCConfigurationList section */
	};
	rootObject = 17FFE99126D21AE600DAEC76 /* Project object */;
}
